
Microsoft Visual Studio Solution File, Format Version 12.00
# Visual Studio Version 17
VisualStudioVersion = 17.11.35312.102
MinimumVisualStudioVersion = 10.0.40219.1
Project("{FAE04EC0-301F-11D3-BF4B-00C04F79EFBC}") = "gitpush", "gitpush\gitpush.csproj", "{6C54B657-F3A7-411D-B650-B2A62E321004}"
EndProject
Global
	GlobalSection(SolutionConfigurationPlatforms) = preSolution
		Debug|Any CPU = Debug|Any CPU
		Release|Any CPU = Release|Any CPU
	EndGlobalSection
	GlobalSection(ProjectConfigurationPlatforms) = postSolution
		{6C54B657-F3A7-411D-B650-B2A62E321004}.Debug|Any CPU.ActiveCfg = Debug|Any CPU
		{6C54B657-F3A7-411D-B650-B2A62E321004}.Debug|Any CPU.Build.0 = Debug|Any CPU
		{6C54B657-F3A7-411D-B650-B2A62E321004}.Release|Any CPU.ActiveCfg = Release|Any CPU
		{6C54B657-F3A7-411D-B650-B2A62E321004}.Release|Any CPU.Build.0 = Release|Any CPU
	EndGlobalSection
	GlobalSection(SolutionProperties) = preSolution
		HideSolutionNode = FALSE
	EndGlobalSection
	GlobalSection(ExtensibilityGlobals) = postSolution
		SolutionGuid = {8F304190-1509-45CB-BC4E-7E9C3165B70E}
	EndGlobalSection
EndGlobal
